
Microsoft Visual Studio Solution File, Format Version 12.00
# Visual Studio Version 17
VisualStudioVersion = 17.0.31903.59
MinimumVisualStudioVersion = 10.0.40219.1
Project("{2150E333-8FDC-42A3-9474-1A3956D46DE8}") = "tests", "tests", "{A7FF9B54-F648-4F30-891B-D8E5FDC539B8}"
EndProject
Project("{FAE04EC0-301F-11D3-BF4B-00C04F79EFBC}") = "HomeServer.Tests", "tests\HomeServer.Tests\HomeServer.Tests.csproj", "{FFFDF15F-BE2C-4F04-BD4A-999325BF12AE}"
EndProject
Project("{2150E333-8FDC-42A3-9474-1A3956D46DE8}") = "src", "src", "{03F03CC7-C7F8-4193-B681-B3281366DAF9}"
EndProject
Project("{2150E333-8FDC-42A3-9474-1A3956D46DE8}") = "Host", "Host", "{A8D30EE5-A11A-4EF1-A5EC-D1B92BEC124F}"
EndProject
Project("{2150E333-8FDC-42A3-9474-1A3956D46DE8}") = "Core", "Core", "{D2BF26EF-ECD1-444A-AE1D-AFFB961E690E}"
EndProject
Project("{2150E333-8FDC-42A3-9474-1A3956D46DE8}") = "Identity", "Identity", "{8E34F9BC-F8D5-4810-907C-1C36E9F1EFEF}"
EndProject
Project("{2150E333-8FDC-42A3-9474-1A3956D46DE8}") = "Modules", "Modules", "{52CF769F-82CF-42F5-BBA9-96E67B6C9D59}"
EndProject
Project("{2150E333-8FDC-42A3-9474-1A3956D46DE8}") = "SDK", "SDK", "{D94E1E10-DFFB-47ED-B077-C12D54636A75}"
EndProject
Project("{FAE04EC0-301F-11D3-BF4B-00C04F79EFBC}") = "HomeServer.Host", "src\Host\HomeServer.Host\HomeServer.Host.csproj", "{570AE541-6A56-4DC9-83B8-7733D1F8764B}"
EndProject
Project("{FAE04EC0-301F-11D3-BF4B-00C04F79EFBC}") = "HomeServer.Core", "src\Core\HomeServer.Core\HomeServer.Core.csproj", "{081AED40-CCB5-480A-9F65-81240886578F}"
EndProject
Project("{FAE04EC0-301F-11D3-BF4B-00C04F79EFBC}") = "HomeServer.Persistence", "src\Core\HomeServer.Persistence\HomeServer.Persistence.csproj", "{06E3749C-0B66-45B4-8C1B-8F63E9227EC0}"
EndProject
Project("{FAE04EC0-301F-11D3-BF4B-00C04F79EFBC}") = "HomeServer.Identity", "src\Identity\HomeServer.Identity\HomeServer.Identity.csproj", "{7EEF15F0-B12D-4711-A178-B6C4E166101C}"
EndProject
Project("{FAE04EC0-301F-11D3-BF4B-00C04F79EFBC}") = "HomeServer.Modules.Devices", "src\Modules\HomeServer.Modules.Devices\HomeServer.Modules.Devices.csproj", "{75E45D2E-58C3-4C74-9176-A270C1FED395}"
EndProject
Project("{FAE04EC0-301F-11D3-BF4B-00C04F79EFBC}") = "HomeServer.Modules.Automation", "src\Modules\HomeServer.Modules.Automation\HomeServer.Modules.Automation.csproj", "{94D3D9D2-9C47-4758-9BFB-1DEA4E83246F}"
EndProject
Project("{FAE04EC0-301F-11D3-BF4B-00C04F79EFBC}") = "HomeServer.Modules.Geo", "src\Modules\HomeServer.Modules.Geo\HomeServer.Modules.Geo.csproj", "{CC85F33B-0B37-48BA-83F4-77077C105917}"
EndProject
Project("{FAE04EC0-301F-11D3-BF4B-00C04F79EFBC}") = "HomeServer.Modules.NAS", "src\Modules\HomeServer.Modules.NAS\HomeServer.Modules.NAS.csproj", "{1469FDB4-2675-44DE-A19E-3DF80AF7426C}"
EndProject
Project("{FAE04EC0-301F-11D3-BF4B-00C04F79EFBC}") = "HomeServer.SDK", "src\SDK\HomeServer.SDK\HomeServer.SDK.csproj", "{D9CFEAB5-200B-4C57-96CE-51B222986FE2}"
EndProject
Project("{FAE04EC0-301F-11D3-BF4B-00C04F79EFBC}") = "HomeServer.Mqtt", "src\Core\HomeServer.Mqtt\HomeServer.Mqtt.csproj", "{C3D9FF2F-EAA0-4142-849F-C9117E846110}"
EndProject
Global
	GlobalSection(SolutionConfigurationPlatforms) = preSolution
		Debug|Any CPU = Debug|Any CPU
		Release|Any CPU = Release|Any CPU
	EndGlobalSection
	GlobalSection(ProjectConfigurationPlatforms) = postSolution
		{FFFDF15F-BE2C-4F04-BD4A-999325BF12AE}.Debug|Any CPU.ActiveCfg = Debug|Any CPU
		{FFFDF15F-BE2C-4F04-BD4A-999325BF12AE}.Debug|Any CPU.Build.0 = Debug|Any CPU
		{FFFDF15F-BE2C-4F04-BD4A-999325BF12AE}.Release|Any CPU.ActiveCfg = Release|Any CPU
		{FFFDF15F-BE2C-4F04-BD4A-999325BF12AE}.Release|Any CPU.Build.0 = Release|Any CPU
		{570AE541-6A56-4DC9-83B8-7733D1F8764B}.Debug|Any CPU.ActiveCfg = Debug|Any CPU
		{570AE541-6A56-4DC9-83B8-7733D1F8764B}.Debug|Any CPU.Build.0 = Debug|Any CPU
		{570AE541-6A56-4DC9-83B8-7733D1F8764B}.Release|Any CPU.ActiveCfg = Release|Any CPU
		{570AE541-6A56-4DC9-83B8-7733D1F8764B}.Release|Any CPU.Build.0 = Release|Any CPU
		{081AED40-CCB5-480A-9F65-81240886578F}.Debug|Any CPU.ActiveCfg = Debug|Any CPU
		{081AED40-CCB5-480A-9F65-81240886578F}.Debug|Any CPU.Build.0 = Debug|Any CPU
		{081AED40-CCB5-480A-9F65-81240886578F}.Release|Any CPU.ActiveCfg = Release|Any CPU
		{081AED40-CCB5-480A-9F65-81240886578F}.Release|Any CPU.Build.0 = Release|Any CPU
		{06E3749C-0B66-45B4-8C1B-8F63E9227EC0}.Debug|Any CPU.ActiveCfg = Debug|Any CPU
		{06E3749C-0B66-45B4-8C1B-8F63E9227EC0}.Debug|Any CPU.Build.0 = Debug|Any CPU
		{06E3749C-0B66-45B4-8C1B-8F63E9227EC0}.Release|Any CPU.ActiveCfg = Release|Any CPU
		{06E3749C-0B66-45B4-8C1B-8F63E9227EC0}.Release|Any CPU.Build.0 = Release|Any CPU
		{7EEF15F0-B12D-4711-A178-B6C4E166101C}.Debug|Any CPU.ActiveCfg = Debug|Any CPU
		{7EEF15F0-B12D-4711-A178-B6C4E166101C}.Debug|Any CPU.Build.0 = Debug|Any CPU
		{7EEF15F0-B12D-4711-A178-B6C4E166101C}.Release|Any CPU.ActiveCfg = Release|Any CPU
		{7EEF15F0-B12D-4711-A178-B6C4E166101C}.Release|Any CPU.Build.0 = Release|Any CPU
		{75E45D2E-58C3-4C74-9176-A270C1FED395}.Debug|Any CPU.ActiveCfg = Debug|Any CPU
		{75E45D2E-58C3-4C74-9176-A270C1FED395}.Debug|Any CPU.Build.0 = Debug|Any CPU
		{75E45D2E-58C3-4C74-9176-A270C1FED395}.Release|Any CPU.ActiveCfg = Release|Any CPU
		{75E45D2E-58C3-4C74-9176-A270C1FED395}.Release|Any CPU.Build.0 = Release|Any CPU
		{94D3D9D2-9C47-4758-9BFB-1DEA4E83246F}.Debug|Any CPU.ActiveCfg = Debug|Any CPU
		{94D3D9D2-9C47-4758-9BFB-1DEA4E83246F}.Debug|Any CPU.Build.0 = Debug|Any CPU
		{94D3D9D2-9C47-4758-9BFB-1DEA4E83246F}.Release|Any CPU.ActiveCfg = Release|Any CPU
		{94D3D9D2-9C47-4758-9BFB-1DEA4E83246F}.Release|Any CPU.Build.0 = Release|Any CPU
		{CC85F33B-0B37-48BA-83F4-77077C105917}.Debug|Any CPU.ActiveCfg = Debug|Any CPU
		{CC85F33B-0B37-48BA-83F4-77077C105917}.Debug|Any CPU.Build.0 = Debug|Any CPU
		{CC85F33B-0B37-48BA-83F4-77077C105917}.Release|Any CPU.ActiveCfg = Release|Any CPU
		{CC85F33B-0B37-48BA-83F4-77077C105917}.Release|Any CPU.Build.0 = Release|Any CPU
		{1469FDB4-2675-44DE-A19E-3DF80AF7426C}.Debug|Any CPU.ActiveCfg = Debug|Any CPU
		{1469FDB4-2675-44DE-A19E-3DF80AF7426C}.Debug|Any CPU.Build.0 = Debug|Any CPU
		{1469FDB4-2675-44DE-A19E-3DF80AF7426C}.Release|Any CPU.ActiveCfg = Release|Any CPU
		{1469FDB4-2675-44DE-A19E-3DF80AF7426C}.Release|Any CPU.Build.0 = Release|Any CPU
		{D9CFEAB5-200B-4C57-96CE-51B222986FE2}.Debug|Any CPU.ActiveCfg = Debug|Any CPU
		{D9CFEAB5-200B-4C57-96CE-51B222986FE2}.Debug|Any CPU.Build.0 = Debug|Any CPU
		{D9CFEAB5-200B-4C57-96CE-51B222986FE2}.Release|Any CPU.ActiveCfg = Release|Any CPU
		{D9CFEAB5-200B-4C57-96CE-51B222986FE2}.Release|Any CPU.Build.0 = Release|Any CPU
		{C3D9FF2F-EAA0-4142-849F-C9117E846110}.Debug|Any CPU.ActiveCfg = Debug|Any CPU
		{C3D9FF2F-EAA0-4142-849F-C9117E846110}.Debug|Any CPU.Build.0 = Debug|Any CPU
		{C3D9FF2F-EAA0-4142-849F-C9117E846110}.Release|Any CPU.ActiveCfg = Release|Any CPU
		{C3D9FF2F-EAA0-4142-849F-C9117E846110}.Release|Any CPU.Build.0 = Release|Any CPU
	EndGlobalSection
	GlobalSection(SolutionProperties) = preSolution
		HideSolutionNode = FALSE
	EndGlobalSection
	GlobalSection(NestedProjects) = preSolution
		{FFFDF15F-BE2C-4F04-BD4A-999325BF12AE} = {A7FF9B54-F648-4F30-891B-D8E5FDC539B8}
		{A8D30EE5-A11A-4EF1-A5EC-D1B92BEC124F} = {03F03CC7-C7F8-4193-B681-B3281366DAF9}
		{D2BF26EF-ECD1-444A-AE1D-AFFB961E690E} = {03F03CC7-C7F8-4193-B681-B3281366DAF9}
		{8E34F9BC-F8D5-4810-907C-1C36E9F1EFEF} = {03F03CC7-C7F8-4193-B681-B3281366DAF9}
		{52CF769F-82CF-42F5-BBA9-96E67B6C9D59} = {03F03CC7-C7F8-4193-B681-B3281366DAF9}
		{D94E1E10-DFFB-47ED-B077-C12D54636A75} = {03F03CC7-C7F8-4193-B681-B3281366DAF9}
		{570AE541-6A56-4DC9-83B8-7733D1F8764B} = {A8D30EE5-A11A-4EF1-A5EC-D1B92BEC124F}
		{081AED40-CCB5-480A-9F65-81240886578F} = {D2BF26EF-ECD1-444A-AE1D-AFFB961E690E}
		{06E3749C-0B66-45B4-8C1B-8F63E9227EC0} = {D2BF26EF-ECD1-444A-AE1D-AFFB961E690E}
		{7EEF15F0-B12D-4711-A178-B6C4E166101C} = {8E34F9BC-F8D5-4810-907C-1C36E9F1EFEF}
		{75E45D2E-58C3-4C74-9176-A270C1FED395} = {52CF769F-82CF-42F5-BBA9-96E67B6C9D59}
		{94D3D9D2-9C47-4758-9BFB-1DEA4E83246F} = {52CF769F-82CF-42F5-BBA9-96E67B6C9D59}
		{CC85F33B-0B37-48BA-83F4-77077C105917} = {52CF769F-82CF-42F5-BBA9-96E67B6C9D59}
		{1469FDB4-2675-44DE-A19E-3DF80AF7426C} = {52CF769F-82CF-42F5-BBA9-96E67B6C9D59}
		{D9CFEAB5-200B-4C57-96CE-51B222986FE2} = {D94E1E10-DFFB-47ED-B077-C12D54636A75}
		{C3D9FF2F-EAA0-4142-849F-C9117E846110} = {D2BF26EF-ECD1-444A-AE1D-AFFB961E690E}
	EndGlobalSection
EndGlobal
